
Microsoft Visual Studio Solution File, Format Version 12.00
# Visual Studio Version 17
VisualStudioVersion = 17.0.31912.275
MinimumVisualStudioVersion = 10.0.40219.1
Project("{FAE04EC0-301F-11D3-BF4B-00C04F79EFBC}") = "Logica", "Servicios\Logica.csproj", "{4541D846-335F-4507-8C97-E83C35F52EDA}"
EndProject
Project("{FAE04EC0-301F-11D3-BF4B-00C04F79EFBC}") = "Entidades", "Entidades\Entidades.csproj", "{2687F6AF-2DB5-465E-9466-8DE2C8263E80}"
EndProject
Global
	GlobalSection(SolutionConfigurationPlatforms) = preSolution
		Debug|Any CPU = Debug|Any CPU
		Release|Any CPU = Release|Any CPU
	EndGlobalSection
	GlobalSection(ProjectConfigurationPlatforms) = postSolution
		{4541D846-335F-4507-8C97-E83C35F52EDA}.Debug|Any CPU.ActiveCfg = Debug|Any CPU
		{4541D846-335F-4507-8C97-E83C35F52EDA}.Debug|Any CPU.Build.0 = Debug|Any CPU
		{4541D846-335F-4507-8C97-E83C35F52EDA}.Release|Any CPU.ActiveCfg = Release|Any CPU
		{4541D846-335F-4507-8C97-E83C35F52EDA}.Release|Any CPU.Build.0 = Release|Any CPU
		{2687F6AF-2DB5-465E-9466-8DE2C8263E80}.Debug|Any CPU.ActiveCfg = Debug|Any CPU
		{2687F6AF-2DB5-465E-9466-8DE2C8263E80}.Debug|Any CPU.Build.0 = Debug|Any CPU
		{2687F6AF-2DB5-465E-9466-8DE2C8263E80}.Release|Any CPU.ActiveCfg = Release|Any CPU
		{2687F6AF-2DB5-465E-9466-8DE2C8263E80}.Release|Any CPU.Build.0 = Release|Any CPU
	EndGlobalSection
	GlobalSection(SolutionProperties) = preSolution
		HideSolutionNode = FALSE
	EndGlobalSection
	GlobalSection(ExtensibilityGlobals) = postSolution
		SolutionGuid = {F411DCA9-385E-46EA-8AFC-75CA573DE880}
	EndGlobalSection
EndGlobal
